
Microsoft Visual Studio Solution File, Format Version 12.00
# Visual Studio Version 17
VisualStudioVersion = 17.5.33516.290
MinimumVisualStudioVersion = 10.0.40219.1
Project("{9A19103F-16F7-4668-BE54-9A1E7A4F7556}") = "LoanCalculator", "LoanCalculator\LoanCalculator.csproj", "{A8ED4CEA-258C-4C26-A8C5-F7BAEC9C359B}"
	ProjectSection(ProjectDependencies) = postProject
		{4C76F018-0493-407F-B902-EA447A07AAAC} = {4C76F018-0493-407F-B902-EA447A07AAAC}
	EndProjectSection
EndProject
Project("{FAE04EC0-301F-11D3-BF4B-00C04F79EFBC}") = "LoanCalculator.Tests", "LoanCalculator.Tests\LoanCalculator.Tests.csproj", "{ABCC98F9-2C5B-4D66-BD00-B083AC29E0B8}"
EndProject
Global
	GlobalSection(SolutionConfigurationPlatforms) = preSolution
		Debug|Any CPU = Debug|Any CPU
		Release|Any CPU = Release|Any CPU
	EndGlobalSection
	GlobalSection(ProjectConfigurationPlatforms) = postSolution
		{A8ED4CEA-258C-4C26-A8C5-F7BAEC9C359B}.Debug|Any CPU.ActiveCfg = Debug|Any CPU
		{A8ED4CEA-258C-4C26-A8C5-F7BAEC9C359B}.Debug|Any CPU.Build.0 = Debug|Any CPU
		{A8ED4CEA-258C-4C26-A8C5-F7BAEC9C359B}.Release|Any CPU.ActiveCfg = Release|Any CPU
		{A8ED4CEA-258C-4C26-A8C5-F7BAEC9C359B}.Release|Any CPU.Build.0 = Release|Any CPU
		{ABCC98F9-2C5B-4D66-BD00-B083AC29E0B8}.Debug|Any CPU.ActiveCfg = Debug|Any CPU
		{ABCC98F9-2C5B-4D66-BD00-B083AC29E0B8}.Debug|Any CPU.Build.0 = Debug|Any CPU
		{ABCC98F9-2C5B-4D66-BD00-B083AC29E0B8}.Release|Any CPU.ActiveCfg = Release|Any CPU
		{ABCC98F9-2C5B-4D66-BD00-B083AC29E0B8}.Release|Any CPU.Build.0 = Release|Any CPU
	EndGlobalSection
	GlobalSection(SolutionProperties) = preSolution
		HideSolutionNode = FALSE
	EndGlobalSection
EndGlobal
